
Microsoft Visual Studio Solution File, Format Version 12.00
# Visual Studio Version 17
VisualStudioVersion = 17.8.34511.84
MinimumVisualStudioVersion = 10.0.40219.1
Project("{FAE04EC0-301F-11D3-BF4B-00C04F79EFBC}") = "ArbitrageBot", "ArbitrageBot.csproj", "{82394F49-E9A6-4D71-936D-AA00E3466EBC}"
EndProject
Global
	GlobalSection(SolutionConfigurationPlatforms) = preSolution
		Debug|Any CPU = Debug|Any CPU
		Release|Any CPU = Release|Any CPU
	EndGlobalSection
	GlobalSection(ProjectConfigurationPlatforms) = postSolution
		{82394F49-E9A6-4D71-936D-AA00E3466EBC}.Debug|Any CPU.ActiveCfg = Debug|Any CPU
		{82394F49-E9A6-4D71-936D-AA00E3466EBC}.Debug|Any CPU.Build.0 = Debug|Any CPU
		{82394F49-E9A6-4D71-936D-AA00E3466EBC}.Release|Any CPU.ActiveCfg = Release|Any CPU
		{82394F49-E9A6-4D71-936D-AA00E3466EBC}.Release|Any CPU.Build.0 = Release|Any CPU
	EndGlobalSection
	GlobalSection(SolutionProperties) = preSolution
		HideSolutionNode = FALSE
	EndGlobalSection
	GlobalSection(ExtensibilityGlobals) = postSolution
		SolutionGuid = {1B3E3BDF-3858-443A-B011-92C1C74A5CF3}
	EndGlobalSection
EndGlobal
